
Microsoft Visual Studio Solution File, Format Version 12.00
# Visual Studio 15
VisualStudioVersion = 15.0.27703.2042
MinimumVisualStudioVersion = 10.0.40219.1
Project("{FAE04EC0-301F-11D3-BF4B-00C04F79EFBC}") = "Pokerapplicatie", "Typescript\Pokerapplicatie.csproj", "{F301B595-19FB-4B60-9765-F854404921F7}"
EndProject
Global
	GlobalSection(SolutionConfigurationPlatforms) = preSolution
		Debug|Any CPU = Debug|Any CPU
		Release|Any CPU = Release|Any CPU
	EndGlobalSection
	GlobalSection(ProjectConfigurationPlatforms) = postSolution
		{F301B595-19FB-4B60-9765-F854404921F7}.Debug|Any CPU.ActiveCfg = Debug|Any CPU
		{F301B595-19FB-4B60-9765-F854404921F7}.Debug|Any CPU.Build.0 = Debug|Any CPU
		{F301B595-19FB-4B60-9765-F854404921F7}.Release|Any CPU.ActiveCfg = Release|Any CPU
		{F301B595-19FB-4B60-9765-F854404921F7}.Release|Any CPU.Build.0 = Release|Any CPU
	EndGlobalSection
	GlobalSection(SolutionProperties) = preSolution
		HideSolutionNode = FALSE
	EndGlobalSection
	GlobalSection(ExtensibilityGlobals) = postSolution
		SolutionGuid = {06808346-D62D-4CBD-BE17-4CCD6BAA6811}
	EndGlobalSection
EndGlobal
